
Microsoft Visual Studio Solution File, Format Version 12.00
# Visual Studio Version 17
VisualStudioVersion = 17.9.34728.123
MinimumVisualStudioVersion = 10.0.40219.1
Project("{9A19103F-16F7-4668-BE54-9A1E7A4F7556}") = "EmployeeManagement.DataAccess", "EmployeeManagement.DataAccess\EmployeeManagement.DataAccess.csproj", "{FA7CB2C0-9516-4424-BB0E-007C77D4739F}"
EndProject
Project("{9A19103F-16F7-4668-BE54-9A1E7A4F7556}") = "EmployeeManagement.Domain", "EmployeeManagement.Domain\EmployeeManagement.Domain.csproj", "{034C4085-7436-4695-8DD7-C5DA4AC4E8EA}"
EndProject
Project("{FAE04EC0-301F-11D3-BF4B-00C04F79EFBC}") = "EmployeeManegement.Api", "EmployeeManegement.Api\EmployeeManegement.Api.csproj", "{6B07FFB0-F93F-4C76-B2FA-C69D3BDB73CA}"
EndProject
Global
	GlobalSection(SolutionConfigurationPlatforms) = preSolution
		Debug|Any CPU = Debug|Any CPU
		Release|Any CPU = Release|Any CPU
	EndGlobalSection
	GlobalSection(ProjectConfigurationPlatforms) = postSolution
		{FA7CB2C0-9516-4424-BB0E-007C77D4739F}.Debug|Any CPU.ActiveCfg = Debug|Any CPU
		{FA7CB2C0-9516-4424-BB0E-007C77D4739F}.Debug|Any CPU.Build.0 = Debug|Any CPU
		{FA7CB2C0-9516-4424-BB0E-007C77D4739F}.Release|Any CPU.ActiveCfg = Release|Any CPU
		{FA7CB2C0-9516-4424-BB0E-007C77D4739F}.Release|Any CPU.Build.0 = Release|Any CPU
		{034C4085-7436-4695-8DD7-C5DA4AC4E8EA}.Debug|Any CPU.ActiveCfg = Debug|Any CPU
		{034C4085-7436-4695-8DD7-C5DA4AC4E8EA}.Debug|Any CPU.Build.0 = Debug|Any CPU
		{034C4085-7436-4695-8DD7-C5DA4AC4E8EA}.Release|Any CPU.ActiveCfg = Release|Any CPU
		{034C4085-7436-4695-8DD7-C5DA4AC4E8EA}.Release|Any CPU.Build.0 = Release|Any CPU
		{6B07FFB0-F93F-4C76-B2FA-C69D3BDB73CA}.Debug|Any CPU.ActiveCfg = Debug|Any CPU
		{6B07FFB0-F93F-4C76-B2FA-C69D3BDB73CA}.Debug|Any CPU.Build.0 = Debug|Any CPU
		{6B07FFB0-F93F-4C76-B2FA-C69D3BDB73CA}.Release|Any CPU.ActiveCfg = Release|Any CPU
		{6B07FFB0-F93F-4C76-B2FA-C69D3BDB73CA}.Release|Any CPU.Build.0 = Release|Any CPU
	EndGlobalSection
	GlobalSection(SolutionProperties) = preSolution
		HideSolutionNode = FALSE
	EndGlobalSection
	GlobalSection(ExtensibilityGlobals) = postSolution
		SolutionGuid = {8DF886F9-B547-485A-AA76-F449FFC532FB}
	EndGlobalSection
EndGlobal
